{
  "name": "@metasession.co/devaudit-sdlc",
  "version": "0.3.35",
  "lockfileVersion": 3,
  "requires": true,
  "packages": {
    "": {
      "name": "@metasession.co/devaudit-sdlc",
      "version": "0.3.35",
      "license": "Apache-2.0",
      "bin": {
        "devaudit-sdlc": "src/bin/devaudit-sdlc.js"
      },
      "engines": {
        "node": ">=18"
      }
    }
  }
}
